# This file is automatically @generated by Cargo.
# It is not intended for manual editing.
version = 4

[[package]]
name = "comp-a"
version = "0.1.0"
source = "git+https://github.com/antonbaliasnikov/comp-a.git?tag=v0.1.0#2769f1e5fb8647993eb8dd69cfaffcdae9145aab"

[[package]]
name = "comp-b"
version = "0.1.0"
dependencies = [
 "comp-a",
]
